
Microsoft Visual Studio Solution File, Format Version 12.00
# Visual Studio Version 16
VisualStudioVersion = 16.0.28803.156
MinimumVisualStudioVersion = 10.0.40219.1
Project("{2150E333-8FDC-42A3-9474-1A3956D46DE8}") = "Dom", "Dom", "{19A970CC-30FC-4447-BFD1-6BAEB112B19F}"
EndProject
Project("{9A19103F-16F7-4668-BE54-9A1E7A4F7556}") = "Dom.Materials", "Sources\Dom.Materials\Dom.Materials.csproj", "{6AD79AF1-9AAA-46AB-8B2D-6AF82AC8F43D}"
EndProject
Project("{2150E333-8FDC-42A3-9474-1A3956D46DE8}") = "App", "App", "{F082795D-1676-46C4-B406-6D7A97DFF69E}"
EndProject
Project("{9A19103F-16F7-4668-BE54-9A1E7A4F7556}") = "App.Materials", "Sources\App.Materials\App.Materials.csproj", "{8BBE296F-DA5C-4B82-A9F0-10CD3DE40117}"
EndProject
Project("{9A19103F-16F7-4668-BE54-9A1E7A4F7556}") = "Dom.Raytrace", "Sources\Dom.Raytrace\Dom.Raytrace.csproj", "{33E28870-60ED-4734-BB22-641C5B9415DD}"
EndProject
Project("{2150E333-8FDC-42A3-9474-1A3956D46DE8}") = "Fou", "Fou", "{66AC7458-8F89-4384-BAF7-1C5B02FED6BE}"
EndProject
Project("{9A19103F-16F7-4668-BE54-9A1E7A4F7556}") = "Fou.Utils", "Sources\Fou.Utils\Fou.Utils.csproj", "{2351E75A-1965-4468-86C1-EA5B6C4DD681}"
EndProject
Project("{9A19103F-16F7-4668-BE54-9A1E7A4F7556}") = "App.RayTrace", "Sources\App.RayTrace\App.RayTrace.csproj", "{5570D773-BC57-464F-B8FA-35D5EE1EE6C2}"
EndProject
Project("{9A19103F-16F7-4668-BE54-9A1E7A4F7556}") = "Dom.Shapes", "Sources\Dom.Shapes\Dom.Shapes.csproj", "{A2C59C7D-ACD4-4F55-8BA1-60CF39B2FF73}"
EndProject
Project("{2150E333-8FDC-42A3-9474-1A3956D46DE8}") = "Pre", "Pre", "{83C6D414-0C1A-449F-A208-743C869ABF09}"
EndProject
Project("{2150E333-8FDC-42A3-9474-1A3956D46DE8}") = "Inf", "Inf", "{CE8BEAF6-7812-4F3B-A67B-4E11B47104E8}"
EndProject
Project("{9A19103F-16F7-4668-BE54-9A1E7A4F7556}") = "Inf.PPMWriter", "Sources\Inf.PPMWriter\Inf.PPMWriter.csproj", "{5B0C0F18-23B5-4198-809E-3D5B9E0398F6}"
EndProject
Project("{9A19103F-16F7-4668-BE54-9A1E7A4F7556}") = "RTIOWCS_Console", "Sources\RTIOWCS_Console\RTIOWCS_Console.csproj", "{52B7C856-6873-484E-964E-7683CCD9B40A}"
EndProject
Project("{9A19103F-16F7-4668-BE54-9A1E7A4F7556}") = "Dom.Cameras", "Sources\Dom.Cameras\Dom.Cameras.csproj", "{0D529A8F-3FE9-458F-A7B4-7CD51606B806}"
EndProject
Project("{9A19103F-16F7-4668-BE54-9A1E7A4F7556}") = "App.Cameras", "Sources\App.Cameras\App.Cameras.csproj", "{28E54DD6-AECC-4646-8775-888B0D7CAF51}"
EndProject
Project("{9A19103F-16F7-4668-BE54-9A1E7A4F7556}") = "App.Engine", "Sources\App.Engine\App.Engine.csproj", "{F31985BA-ADA9-4B49-91F6-D75AC7D7D0EE}"
EndProject
Project("{FAE04EC0-301F-11D3-BF4B-00C04F79EFBC}") = "Pre.PpmVisualizer", "Sources\Pre.PpmVisualizer\Pre.PpmVisualizer.csproj", "{ADF27844-FCBE-48F6-A4FD-FC1F9CD37834}"
EndProject
Project("{FAE04EC0-301F-11D3-BF4B-00C04F79EFBC}") = "Fou.Maths", "Sources\Fou.Maths\Fou.Maths.csproj", "{3EB12B2F-46BF-487F-BE40-9BDABDC02405}"
EndProject
Project("{FAE04EC0-301F-11D3-BF4B-00C04F79EFBC}") = "App.Hitables", "Sources\App.Hitables\App.Hitables.csproj", "{C7EFCAD0-20F9-4EDA-91BA-285EE9A03D45}"
EndProject
Project("{FAE04EC0-301F-11D3-BF4B-00C04F79EFBC}") = "App.Positionables", "App.Positionables\App.Positionables.csproj", "{6E269E84-D8EC-4EF1-9208-9033F81648E9}"
EndProject
Global
	GlobalSection(SolutionConfigurationPlatforms) = preSolution
		Debug|Any CPU = Debug|Any CPU
		Debug|ARM = Debug|ARM
		Debug|ARM64 = Debug|ARM64
		Debug|x64 = Debug|x64
		Debug|x86 = Debug|x86
		Release|Any CPU = Release|Any CPU
		Release|ARM = Release|ARM
		Release|ARM64 = Release|ARM64
		Release|x64 = Release|x64
		Release|x86 = Release|x86
	EndGlobalSection
	GlobalSection(ProjectConfigurationPlatforms) = postSolution
		{6AD79AF1-9AAA-46AB-8B2D-6AF82AC8F43D}.Debug|Any CPU.ActiveCfg = Debug|Any CPU
		{6AD79AF1-9AAA-46AB-8B2D-6AF82AC8F43D}.Debug|Any CPU.Build.0 = Debug|Any CPU
		{6AD79AF1-9AAA-46AB-8B2D-6AF82AC8F43D}.Debug|ARM.ActiveCfg = Debug|Any CPU
		{6AD79AF1-9AAA-46AB-8B2D-6AF82AC8F43D}.Debug|ARM.Build.0 = Debug|Any CPU
		{6AD79AF1-9AAA-46AB-8B2D-6AF82AC8F43D}.Debug|ARM64.ActiveCfg = Debug|Any CPU
		{6AD79AF1-9AAA-46AB-8B2D-6AF82AC8F43D}.Debug|ARM64.Build.0 = Debug|Any CPU
		{6AD79AF1-9AAA-46AB-8B2D-6AF82AC8F43D}.Debug|x64.ActiveCfg = Debug|Any CPU
		{6AD79AF1-9AAA-46AB-8B2D-6AF82AC8F43D}.Debug|x64.Build.0 = Debug|Any CPU
		{6AD79AF1-9AAA-46AB-8B2D-6AF82AC8F43D}.Debug|x86.ActiveCfg = Debug|Any CPU
		{6AD79AF1-9AAA-46AB-8B2D-6AF82AC8F43D}.Debug|x86.Build.0 = Debug|Any CPU
		{6AD79AF1-9AAA-46AB-8B2D-6AF82AC8F43D}.Release|Any CPU.ActiveCfg = Release|Any CPU
		{6AD79AF1-9AAA-46AB-8B2D-6AF82AC8F43D}.Release|Any CPU.Build.0 = Release|Any CPU
		{6AD79AF1-9AAA-46AB-8B2D-6AF82AC8F43D}.Release|ARM.ActiveCfg = Release|Any CPU
		{6AD79AF1-9AAA-46AB-8B2D-6AF82AC8F43D}.Release|ARM.Build.0 = Release|Any CPU
		{6AD79AF1-9AAA-46AB-8B2D-6AF82AC8F43D}.Release|ARM64.ActiveCfg = Release|Any CPU
		{6AD79AF1-9AAA-46AB-8B2D-6AF82AC8F43D}.Release|ARM64.Build.0 = Release|Any CPU
		{6AD79AF1-9AAA-46AB-8B2D-6AF82AC8F43D}.Release|x64.ActiveCfg = Release|Any CPU
		{6AD79AF1-9AAA-46AB-8B2D-6AF82AC8F43D}.Release|x64.Build.0 = Release|Any CPU
		{6AD79AF1-9AAA-46AB-8B2D-6AF82AC8F43D}.Release|x86.ActiveCfg = Release|Any CPU
		{6AD79AF1-9AAA-46AB-8B2D-6AF82AC8F43D}.Release|x86.Build.0 = Release|Any CPU
		{8BBE296F-DA5C-4B82-A9F0-10CD3DE40117}.Debug|Any CPU.ActiveCfg = Debug|Any CPU
		{8BBE296F-DA5C-4B82-A9F0-10CD3DE40117}.Debug|Any CPU.Build.0 = Debug|Any CPU
		{8BBE296F-DA5C-4B82-A9F0-10CD3DE40117}.Debug|ARM.ActiveCfg = Debug|Any CPU
		{8BBE296F-DA5C-4B82-A9F0-10CD3DE40117}.Debug|ARM.Build.0 = Debug|Any CPU
		{8BBE296F-DA5C-4B82-A9F0-10CD3DE40117}.Debug|ARM64.ActiveCfg = Debug|Any CPU
		{8BBE296F-DA5C-4B82-A9F0-10CD3DE40117}.Debug|ARM64.Build.0 = Debug|Any CPU
		{8BBE296F-DA5C-4B82-A9F0-10CD3DE40117}.Debug|x64.ActiveCfg = Debug|Any CPU
		{8BBE296F-DA5C-4B82-A9F0-10CD3DE40117}.Debug|x64.Build.0 = Debug|Any CPU
		{8BBE296F-DA5C-4B82-A9F0-10CD3DE40117}.Debug|x86.ActiveCfg = Debug|Any CPU
		{8BBE296F-DA5C-4B82-A9F0-10CD3DE40117}.Debug|x86.Build.0 = Debug|Any CPU
		{8BBE296F-DA5C-4B82-A9F0-10CD3DE40117}.Release|Any CPU.ActiveCfg = Release|Any CPU
		{8BBE296F-DA5C-4B82-A9F0-10CD3DE40117}.Release|Any CPU.Build.0 = Release|Any CPU
		{8BBE296F-DA5C-4B82-A9F0-10CD3DE40117}.Release|ARM.ActiveCfg = Release|Any CPU
		{8BBE296F-DA5C-4B82-A9F0-10CD3DE40117}.Release|ARM.Build.0 = Release|Any CPU
		{8BBE296F-DA5C-4B82-A9F0-10CD3DE40117}.Release|ARM64.ActiveCfg = Release|Any CPU
		{8BBE296F-DA5C-4B82-A9F0-10CD3DE40117}.Release|ARM64.Build.0 = Release|Any CPU
		{8BBE296F-DA5C-4B82-A9F0-10CD3DE40117}.Release|x64.ActiveCfg = Release|Any CPU
		{8BBE296F-DA5C-4B82-A9F0-10CD3DE40117}.Release|x64.Build.0 = Release|Any CPU
		{8BBE296F-DA5C-4B82-A9F0-10CD3DE40117}.Release|x86.ActiveCfg = Release|Any CPU
		{8BBE296F-DA5C-4B82-A9F0-10CD3DE40117}.Release|x86.Build.0 = Release|Any CPU
		{33E28870-60ED-4734-BB22-641C5B9415DD}.Debug|Any CPU.ActiveCfg = Debug|Any CPU
		{33E28870-60ED-4734-BB22-641C5B9415DD}.Debug|Any CPU.Build.0 = Debug|Any CPU
		{33E28870-60ED-4734-BB22-641C5B9415DD}.Debug|ARM.ActiveCfg = Debug|Any CPU
		{33E28870-60ED-4734-BB22-641C5B9415DD}.Debug|ARM.Build.0 = Debug|Any CPU
		{33E28870-60ED-4734-BB22-641C5B9415DD}.Debug|ARM64.ActiveCfg = Debug|Any CPU
		{33E28870-60ED-4734-BB22-641C5B9415DD}.Debug|ARM64.Build.0 = Debug|Any CPU
		{33E28870-60ED-4734-BB22-641C5B9415DD}.Debug|x64.ActiveCfg = Debug|Any CPU
		{33E28870-60ED-4734-BB22-641C5B9415DD}.Debug|x64.Build.0 = Debug|Any CPU
		{33E28870-60ED-4734-BB22-641C5B9415DD}.Debug|x86.ActiveCfg = Debug|Any CPU
		{33E28870-60ED-4734-BB22-641C5B9415DD}.Debug|x86.Build.0 = Debug|Any CPU
		{33E28870-60ED-4734-BB22-641C5B9415DD}.Release|Any CPU.ActiveCfg = Release|Any CPU
		{33E28870-60ED-4734-BB22-641C5B9415DD}.Release|Any CPU.Build.0 = Release|Any CPU
		{33E28870-60ED-4734-BB22-641C5B9415DD}.Release|ARM.ActiveCfg = Release|Any CPU
		{33E28870-60ED-4734-BB22-641C5B9415DD}.Release|ARM.Build.0 = Release|Any CPU
		{33E28870-60ED-4734-BB22-641C5B9415DD}.Release|ARM64.ActiveCfg = Release|Any CPU
		{33E28870-60ED-4734-BB22-641C5B9415DD}.Release|ARM64.Build.0 = Release|Any CPU
		{33E28870-60ED-4734-BB22-641C5B9415DD}.Release|x64.ActiveCfg = Release|Any CPU
		{33E28870-60ED-4734-BB22-641C5B9415DD}.Release|x64.Build.0 = Release|Any CPU
		{33E28870-60ED-4734-BB22-641C5B9415DD}.Release|x86.ActiveCfg = Release|Any CPU
		{33E28870-60ED-4734-BB22-641C5B9415DD}.Release|x86.Build.0 = Release|Any CPU
		{2351E75A-1965-4468-86C1-EA5B6C4DD681}.Debug|Any CPU.ActiveCfg = Debug|Any CPU
		{2351E75A-1965-4468-86C1-EA5B6C4DD681}.Debug|Any CPU.Build.0 = Debug|Any CPU
		{2351E75A-1965-4468-86C1-EA5B6C4DD681}.Debug|ARM.ActiveCfg = Debug|Any CPU
		{2351E75A-1965-4468-86C1-EA5B6C4DD681}.Debug|ARM.Build.0 = Debug|Any CPU
		{2351E75A-1965-4468-86C1-EA5B6C4DD681}.Debug|ARM64.ActiveCfg = Debug|Any CPU
		{2351E75A-1965-4468-86C1-EA5B6C4DD681}.Debug|ARM64.Build.0 = Debug|Any CPU
		{2351E75A-1965-4468-86C1-EA5B6C4DD681}.Debug|x64.ActiveCfg = Debug|Any CPU
		{2351E75A-1965-4468-86C1-EA5B6C4DD681}.Debug|x64.Build.0 = Debug|Any CPU
		{2351E75A-1965-4468-86C1-EA5B6C4DD681}.Debug|x86.ActiveCfg = Debug|Any CPU
		{2351E75A-1965-4468-86C1-EA5B6C4DD681}.Debug|x86.Build.0 = Debug|Any CPU
		{2351E75A-1965-4468-86C1-EA5B6C4DD681}.Release|Any CPU.ActiveCfg = Release|Any CPU
		{2351E75A-1965-4468-86C1-EA5B6C4DD681}.Release|Any CPU.Build.0 = Release|Any CPU
		{2351E75A-1965-4468-86C1-EA5B6C4DD681}.Release|ARM.ActiveCfg = Release|Any CPU
		{2351E75A-1965-4468-86C1-EA5B6C4DD681}.Release|ARM.Build.0 = Release|Any CPU
		{2351E75A-1965-4468-86C1-EA5B6C4DD681}.Release|ARM64.ActiveCfg = Release|Any CPU
		{2351E75A-1965-4468-86C1-EA5B6C4DD681}.Release|ARM64.Build.0 = Release|Any CPU
		{2351E75A-1965-4468-86C1-EA5B6C4DD681}.Release|x64.ActiveCfg = Release|Any CPU
		{2351E75A-1965-4468-86C1-EA5B6C4DD681}.Release|x64.Build.0 = Release|Any CPU
		{2351E75A-1965-4468-86C1-EA5B6C4DD681}.Release|x86.ActiveCfg = Release|Any CPU
		{2351E75A-1965-4468-86C1-EA5B6C4DD681}.Release|x86.Build.0 = Release|Any CPU
		{5570D773-BC57-464F-B8FA-35D5EE1EE6C2}.Debug|Any CPU.ActiveCfg = Debug|Any CPU
		{5570D773-BC57-464F-B8FA-35D5EE1EE6C2}.Debug|Any CPU.Build.0 = Debug|Any CPU
		{5570D773-BC57-464F-B8FA-35D5EE1EE6C2}.Debug|ARM.ActiveCfg = Debug|Any CPU
		{5570D773-BC57-464F-B8FA-35D5EE1EE6C2}.Debug|ARM.Build.0 = Debug|Any CPU
		{5570D773-BC57-464F-B8FA-35D5EE1EE6C2}.Debug|ARM64.ActiveCfg = Debug|Any CPU
		{5570D773-BC57-464F-B8FA-35D5EE1EE6C2}.Debug|ARM64.Build.0 = Debug|Any CPU
		{5570D773-BC57-464F-B8FA-35D5EE1EE6C2}.Debug|x64.ActiveCfg = Debug|Any CPU
		{5570D773-BC57-464F-B8FA-35D5EE1EE6C2}.Debug|x64.Build.0 = Debug|Any CPU
		{5570D773-BC57-464F-B8FA-35D5EE1EE6C2}.Debug|x86.ActiveCfg = Debug|Any CPU
		{5570D773-BC57-464F-B8FA-35D5EE1EE6C2}.Debug|x86.Build.0 = Debug|Any CPU
		{5570D773-BC57-464F-B8FA-35D5EE1EE6C2}.Release|Any CPU.ActiveCfg = Release|Any CPU
		{5570D773-BC57-464F-B8FA-35D5EE1EE6C2}.Release|Any CPU.Build.0 = Release|Any CPU
		{5570D773-BC57-464F-B8FA-35D5EE1EE6C2}.Release|ARM.ActiveCfg = Release|Any CPU
		{5570D773-BC57-464F-B8FA-35D5EE1EE6C2}.Release|ARM.Build.0 = Release|Any CPU
		{5570D773-BC57-464F-B8FA-35D5EE1EE6C2}.Release|ARM64.ActiveCfg = Release|Any CPU
		{5570D773-BC57-464F-B8FA-35D5EE1EE6C2}.Release|ARM64.Build.0 = Release|Any CPU
		{5570D773-BC57-464F-B8FA-35D5EE1EE6C2}.Release|x64.ActiveCfg = Release|Any CPU
		{5570D773-BC57-464F-B8FA-35D5EE1EE6C2}.Release|x64.Build.0 = Release|Any CPU
		{5570D773-BC57-464F-B8FA-35D5EE1EE6C2}.Release|x86.ActiveCfg = Release|Any CPU
		{5570D773-BC57-464F-B8FA-35D5EE1EE6C2}.Release|x86.Build.0 = Release|Any CPU
		{A2C59C7D-ACD4-4F55-8BA1-60CF39B2FF73}.Debug|Any CPU.ActiveCfg = Debug|Any CPU
		{A2C59C7D-ACD4-4F55-8BA1-60CF39B2FF73}.Debug|Any CPU.Build.0 = Debug|Any CPU
		{A2C59C7D-ACD4-4F55-8BA1-60CF39B2FF73}.Debug|ARM.ActiveCfg = Debug|Any CPU
		{A2C59C7D-ACD4-4F55-8BA1-60CF39B2FF73}.Debug|ARM.Build.0 = Debug|Any CPU
		{A2C59C7D-ACD4-4F55-8BA1-60CF39B2FF73}.Debug|ARM64.ActiveCfg = Debug|Any CPU
		{A2C59C7D-ACD4-4F55-8BA1-60CF39B2FF73}.Debug|ARM64.Build.0 = Debug|Any CPU
		{A2C59C7D-ACD4-4F55-8BA1-60CF39B2FF73}.Debug|x64.ActiveCfg = Debug|Any CPU
		{A2C59C7D-ACD4-4F55-8BA1-60CF39B2FF73}.Debug|x64.Build.0 = Debug|Any CPU
		{A2C59C7D-ACD4-4F55-8BA1-60CF39B2FF73}.Debug|x86.ActiveCfg = Debug|Any CPU
		{A2C59C7D-ACD4-4F55-8BA1-60CF39B2FF73}.Debug|x86.Build.0 = Debug|Any CPU
		{A2C59C7D-ACD4-4F55-8BA1-60CF39B2FF73}.Release|Any CPU.ActiveCfg = Release|Any CPU
		{A2C59C7D-ACD4-4F55-8BA1-60CF39B2FF73}.Release|Any CPU.Build.0 = Release|Any CPU
		{A2C59C7D-ACD4-4F55-8BA1-60CF39B2FF73}.Release|ARM.ActiveCfg = Release|Any CPU
		{A2C59C7D-ACD4-4F55-8BA1-60CF39B2FF73}.Release|ARM.Build.0 = Release|Any CPU
		{A2C59C7D-ACD4-4F55-8BA1-60CF39B2FF73}.Release|ARM64.ActiveCfg = Release|Any CPU
		{A2C59C7D-ACD4-4F55-8BA1-60CF39B2FF73}.Release|ARM64.Build.0 = Release|Any CPU
		{A2C59C7D-ACD4-4F55-8BA1-60CF39B2FF73}.Release|x64.ActiveCfg = Release|Any CPU
		{A2C59C7D-ACD4-4F55-8BA1-60CF39B2FF73}.Release|x64.Build.0 = Release|Any CPU
		{A2C59C7D-ACD4-4F55-8BA1-60CF39B2FF73}.Release|x86.ActiveCfg = Release|Any CPU
		{A2C59C7D-ACD4-4F55-8BA1-60CF39B2FF73}.Release|x86.Build.0 = Release|Any CPU
		{5B0C0F18-23B5-4198-809E-3D5B9E0398F6}.Debug|Any CPU.ActiveCfg = Debug|Any CPU
		{5B0C0F18-23B5-4198-809E-3D5B9E0398F6}.Debug|Any CPU.Build.0 = Debug|Any CPU
		{5B0C0F18-23B5-4198-809E-3D5B9E0398F6}.Debug|ARM.ActiveCfg = Debug|Any CPU
		{5B0C0F18-23B5-4198-809E-3D5B9E0398F6}.Debug|ARM.Build.0 = Debug|Any CPU
		{5B0C0F18-23B5-4198-809E-3D5B9E0398F6}.Debug|ARM64.ActiveCfg = Debug|Any CPU
		{5B0C0F18-23B5-4198-809E-3D5B9E0398F6}.Debug|ARM64.Build.0 = Debug|Any CPU
		{5B0C0F18-23B5-4198-809E-3D5B9E0398F6}.Debug|x64.ActiveCfg = Debug|Any CPU
		{5B0C0F18-23B5-4198-809E-3D5B9E0398F6}.Debug|x64.Build.0 = Debug|Any CPU
		{5B0C0F18-23B5-4198-809E-3D5B9E0398F6}.Debug|x86.ActiveCfg = Debug|Any CPU
		{5B0C0F18-23B5-4198-809E-3D5B9E0398F6}.Debug|x86.Build.0 = Debug|Any CPU
		{5B0C0F18-23B5-4198-809E-3D5B9E0398F6}.Release|Any CPU.ActiveCfg = Release|Any CPU
		{5B0C0F18-23B5-4198-809E-3D5B9E0398F6}.Release|Any CPU.Build.0 = Release|Any CPU
		{5B0C0F18-23B5-4198-809E-3D5B9E0398F6}.Release|ARM.ActiveCfg = Release|Any CPU
		{5B0C0F18-23B5-4198-809E-3D5B9E0398F6}.Release|ARM.Build.0 = Release|Any CPU
		{5B0C0F18-23B5-4198-809E-3D5B9E0398F6}.Release|ARM64.ActiveCfg = Release|Any CPU
		{5B0C0F18-23B5-4198-809E-3D5B9E0398F6}.Release|ARM64.Build.0 = Release|Any CPU
		{5B0C0F18-23B5-4198-809E-3D5B9E0398F6}.Release|x64.ActiveCfg = Release|Any CPU
		{5B0C0F18-23B5-4198-809E-3D5B9E0398F6}.Release|x64.Build.0 = Release|Any CPU
		{5B0C0F18-23B5-4198-809E-3D5B9E0398F6}.Release|x86.ActiveCfg = Release|Any CPU
		{5B0C0F18-23B5-4198-809E-3D5B9E0398F6}.Release|x86.Build.0 = Release|Any CPU
		{52B7C856-6873-484E-964E-7683CCD9B40A}.Debug|Any CPU.ActiveCfg = Debug|Any CPU
		{52B7C856-6873-484E-964E-7683CCD9B40A}.Debug|Any CPU.Build.0 = Debug|Any CPU
		{52B7C856-6873-484E-964E-7683CCD9B40A}.Debug|ARM.ActiveCfg = Debug|Any CPU
		{52B7C856-6873-484E-964E-7683CCD9B40A}.Debug|ARM.Build.0 = Debug|Any CPU
		{52B7C856-6873-484E-964E-7683CCD9B40A}.Debug|ARM64.ActiveCfg = Debug|Any CPU
		{52B7C856-6873-484E-964E-7683CCD9B40A}.Debug|ARM64.Build.0 = Debug|Any CPU
		{52B7C856-6873-484E-964E-7683CCD9B40A}.Debug|x64.ActiveCfg = Debug|Any CPU
		{52B7C856-6873-484E-964E-7683CCD9B40A}.Debug|x64.Build.0 = Debug|Any CPU
		{52B7C856-6873-484E-964E-7683CCD9B40A}.Debug|x86.ActiveCfg = Debug|Any CPU
		{52B7C856-6873-484E-964E-7683CCD9B40A}.Debug|x86.Build.0 = Debug|Any CPU
		{52B7C856-6873-484E-964E-7683CCD9B40A}.Release|Any CPU.ActiveCfg = Release|Any CPU
		{52B7C856-6873-484E-964E-7683CCD9B40A}.Release|Any CPU.Build.0 = Release|Any CPU
		{52B7C856-6873-484E-964E-7683CCD9B40A}.Release|ARM.ActiveCfg = Release|Any CPU
		{52B7C856-6873-484E-964E-7683CCD9B40A}.Release|ARM.Build.0 = Release|Any CPU
		{52B7C856-6873-484E-964E-7683CCD9B40A}.Release|ARM64.ActiveCfg = Release|Any CPU
		{52B7C856-6873-484E-964E-7683CCD9B40A}.Release|ARM64.Build.0 = Release|Any CPU
		{52B7C856-6873-484E-964E-7683CCD9B40A}.Release|x64.ActiveCfg = Release|Any CPU
		{52B7C856-6873-484E-964E-7683CCD9B40A}.Release|x64.Build.0 = Release|Any CPU
		{52B7C856-6873-484E-964E-7683CCD9B40A}.Release|x86.ActiveCfg = Release|Any CPU
		{52B7C856-6873-484E-964E-7683CCD9B40A}.Release|x86.Build.0 = Release|Any CPU
		{0D529A8F-3FE9-458F-A7B4-7CD51606B806}.Debug|Any CPU.ActiveCfg = Debug|Any CPU
		{0D529A8F-3FE9-458F-A7B4-7CD51606B806}.Debug|Any CPU.Build.0 = Debug|Any CPU
		{0D529A8F-3FE9-458F-A7B4-7CD51606B806}.Debug|ARM.ActiveCfg = Debug|Any CPU
		{0D529A8F-3FE9-458F-A7B4-7CD51606B806}.Debug|ARM.Build.0 = Debug|Any CPU
		{0D529A8F-3FE9-458F-A7B4-7CD51606B806}.Debug|ARM64.ActiveCfg = Debug|Any CPU
		{0D529A8F-3FE9-458F-A7B4-7CD51606B806}.Debug|ARM64.Build.0 = Debug|Any CPU
		{0D529A8F-3FE9-458F-A7B4-7CD51606B806}.Debug|x64.ActiveCfg = Debug|Any CPU
		{0D529A8F-3FE9-458F-A7B4-7CD51606B806}.Debug|x64.Build.0 = Debug|Any CPU
		{0D529A8F-3FE9-458F-A7B4-7CD51606B806}.Debug|x86.ActiveCfg = Debug|Any CPU
		{0D529A8F-3FE9-458F-A7B4-7CD51606B806}.Debug|x86.Build.0 = Debug|Any CPU
		{0D529A8F-3FE9-458F-A7B4-7CD51606B806}.Release|Any CPU.ActiveCfg = Release|Any CPU
		{0D529A8F-3FE9-458F-A7B4-7CD51606B806}.Release|Any CPU.Build.0 = Release|Any CPU
		{0D529A8F-3FE9-458F-A7B4-7CD51606B806}.Release|ARM.ActiveCfg = Release|Any CPU
		{0D529A8F-3FE9-458F-A7B4-7CD51606B806}.Release|ARM.Build.0 = Release|Any CPU
		{0D529A8F-3FE9-458F-A7B4-7CD51606B806}.Release|ARM64.ActiveCfg = Release|Any CPU
		{0D529A8F-3FE9-458F-A7B4-7CD51606B806}.Release|ARM64.Build.0 = Release|Any CPU
		{0D529A8F-3FE9-458F-A7B4-7CD51606B806}.Release|x64.ActiveCfg = Release|Any CPU
		{0D529A8F-3FE9-458F-A7B4-7CD51606B806}.Release|x64.Build.0 = Release|Any CPU
		{0D529A8F-3FE9-458F-A7B4-7CD51606B806}.Release|x86.ActiveCfg = Release|Any CPU
		{0D529A8F-3FE9-458F-A7B4-7CD51606B806}.Release|x86.Build.0 = Release|Any CPU
		{28E54DD6-AECC-4646-8775-888B0D7CAF51}.Debug|Any CPU.ActiveCfg = Debug|Any CPU
		{28E54DD6-AECC-4646-8775-888B0D7CAF51}.Debug|Any CPU.Build.0 = Debug|Any CPU
		{28E54DD6-AECC-4646-8775-888B0D7CAF51}.Debug|ARM.ActiveCfg = Debug|Any CPU
		{28E54DD6-AECC-4646-8775-888B0D7CAF51}.Debug|ARM.Build.0 = Debug|Any CPU
		{28E54DD6-AECC-4646-8775-888B0D7CAF51}.Debug|ARM64.ActiveCfg = Debug|Any CPU
		{28E54DD6-AECC-4646-8775-888B0D7CAF51}.Debug|ARM64.Build.0 = Debug|Any CPU
		{28E54DD6-AECC-4646-8775-888B0D7CAF51}.Debug|x64.ActiveCfg = Debug|Any CPU
		{28E54DD6-AECC-4646-8775-888B0D7CAF51}.Debug|x64.Build.0 = Debug|Any CPU
		{28E54DD6-AECC-4646-8775-888B0D7CAF51}.Debug|x86.ActiveCfg = Debug|Any CPU
		{28E54DD6-AECC-4646-8775-888B0D7CAF51}.Debug|x86.Build.0 = Debug|Any CPU
		{28E54DD6-AECC-4646-8775-888B0D7CAF51}.Release|Any CPU.ActiveCfg = Release|Any CPU
		{28E54DD6-AECC-4646-8775-888B0D7CAF51}.Release|Any CPU.Build.0 = Release|Any CPU
		{28E54DD6-AECC-4646-8775-888B0D7CAF51}.Release|ARM.ActiveCfg = Release|Any CPU
		{28E54DD6-AECC-4646-8775-888B0D7CAF51}.Release|ARM.Build.0 = Release|Any CPU
		{28E54DD6-AECC-4646-8775-888B0D7CAF51}.Release|ARM64.ActiveCfg = Release|Any CPU
		{28E54DD6-AECC-4646-8775-888B0D7CAF51}.Release|ARM64.Build.0 = Release|Any CPU
		{28E54DD6-AECC-4646-8775-888B0D7CAF51}.Release|x64.ActiveCfg = Release|Any CPU
		{28E54DD6-AECC-4646-8775-888B0D7CAF51}.Release|x64.Build.0 = Release|Any CPU
		{28E54DD6-AECC-4646-8775-888B0D7CAF51}.Release|x86.ActiveCfg = Release|Any CPU
		{28E54DD6-AECC-4646-8775-888B0D7CAF51}.Release|x86.Build.0 = Release|Any CPU
		{F31985BA-ADA9-4B49-91F6-D75AC7D7D0EE}.Debug|Any CPU.ActiveCfg = Debug|Any CPU
		{F31985BA-ADA9-4B49-91F6-D75AC7D7D0EE}.Debug|Any CPU.Build.0 = Debug|Any CPU
		{F31985BA-ADA9-4B49-91F6-D75AC7D7D0EE}.Debug|ARM.ActiveCfg = Debug|Any CPU
		{F31985BA-ADA9-4B49-91F6-D75AC7D7D0EE}.Debug|ARM.Build.0 = Debug|Any CPU
		{F31985BA-ADA9-4B49-91F6-D75AC7D7D0EE}.Debug|ARM64.ActiveCfg = Debug|Any CPU
		{F31985BA-ADA9-4B49-91F6-D75AC7D7D0EE}.Debug|ARM64.Build.0 = Debug|Any CPU
		{F31985BA-ADA9-4B49-91F6-D75AC7D7D0EE}.Debug|x64.ActiveCfg = Debug|Any CPU
		{F31985BA-ADA9-4B49-91F6-D75AC7D7D0EE}.Debug|x64.Build.0 = Debug|Any CPU
		{F31985BA-ADA9-4B49-91F6-D75AC7D7D0EE}.Debug|x86.ActiveCfg = Debug|Any CPU
		{F31985BA-ADA9-4B49-91F6-D75AC7D7D0EE}.Debug|x86.Build.0 = Debug|Any CPU
		{F31985BA-ADA9-4B49-91F6-D75AC7D7D0EE}.Release|Any CPU.ActiveCfg = Release|Any CPU
		{F31985BA-ADA9-4B49-91F6-D75AC7D7D0EE}.Release|Any CPU.Build.0 = Release|Any CPU
		{F31985BA-ADA9-4B49-91F6-D75AC7D7D0EE}.Release|ARM.ActiveCfg = Release|Any CPU
		{F31985BA-ADA9-4B49-91F6-D75AC7D7D0EE}.Release|ARM.Build.0 = Release|Any CPU
		{F31985BA-ADA9-4B49-91F6-D75AC7D7D0EE}.Release|ARM64.ActiveCfg = Release|Any CPU
		{F31985BA-ADA9-4B49-91F6-D75AC7D7D0EE}.Release|ARM64.Build.0 = Release|Any CPU
		{F31985BA-ADA9-4B49-91F6-D75AC7D7D0EE}.Release|x64.ActiveCfg = Release|Any CPU
		{F31985BA-ADA9-4B49-91F6-D75AC7D7D0EE}.Release|x64.Build.0 = Release|Any CPU
		{F31985BA-ADA9-4B49-91F6-D75AC7D7D0EE}.Release|x86.ActiveCfg = Release|Any CPU
		{F31985BA-ADA9-4B49-91F6-D75AC7D7D0EE}.Release|x86.Build.0 = Release|Any CPU
		{ADF27844-FCBE-48F6-A4FD-FC1F9CD37834}.Debug|Any CPU.ActiveCfg = Debug|Any CPU
		{ADF27844-FCBE-48F6-A4FD-FC1F9CD37834}.Debug|Any CPU.Build.0 = Debug|Any CPU
		{ADF27844-FCBE-48F6-A4FD-FC1F9CD37834}.Debug|ARM.ActiveCfg = Debug|Any CPU
		{ADF27844-FCBE-48F6-A4FD-FC1F9CD37834}.Debug|ARM.Build.0 = Debug|Any CPU
		{ADF27844-FCBE-48F6-A4FD-FC1F9CD37834}.Debug|ARM64.ActiveCfg = Debug|Any CPU
		{ADF27844-FCBE-48F6-A4FD-FC1F9CD37834}.Debug|ARM64.Build.0 = Debug|Any CPU
		{ADF27844-FCBE-48F6-A4FD-FC1F9CD37834}.Debug|x64.ActiveCfg = Debug|Any CPU
		{ADF27844-FCBE-48F6-A4FD-FC1F9CD37834}.Debug|x64.Build.0 = Debug|Any CPU
		{ADF27844-FCBE-48F6-A4FD-FC1F9CD37834}.Debug|x86.ActiveCfg = Debug|Any CPU
		{ADF27844-FCBE-48F6-A4FD-FC1F9CD37834}.Debug|x86.Build.0 = Debug|Any CPU
		{ADF27844-FCBE-48F6-A4FD-FC1F9CD37834}.Release|Any CPU.ActiveCfg = Release|Any CPU
		{ADF27844-FCBE-48F6-A4FD-FC1F9CD37834}.Release|Any CPU.Build.0 = Release|Any CPU
		{ADF27844-FCBE-48F6-A4FD-FC1F9CD37834}.Release|ARM.ActiveCfg = Release|Any CPU
		{ADF27844-FCBE-48F6-A4FD-FC1F9CD37834}.Release|ARM.Build.0 = Release|Any CPU
		{ADF27844-FCBE-48F6-A4FD-FC1F9CD37834}.Release|ARM64.ActiveCfg = Release|Any CPU
		{ADF27844-FCBE-48F6-A4FD-FC1F9CD37834}.Release|ARM64.Build.0 = Release|Any CPU
		{ADF27844-FCBE-48F6-A4FD-FC1F9CD37834}.Release|x64.ActiveCfg = Release|Any CPU
		{ADF27844-FCBE-48F6-A4FD-FC1F9CD37834}.Release|x64.Build.0 = Release|Any CPU
		{ADF27844-FCBE-48F6-A4FD-FC1F9CD37834}.Release|x86.ActiveCfg = Release|Any CPU
		{ADF27844-FCBE-48F6-A4FD-FC1F9CD37834}.Release|x86.Build.0 = Release|Any CPU
		{3EB12B2F-46BF-487F-BE40-9BDABDC02405}.Debug|Any CPU.ActiveCfg = Debug|Any CPU
		{3EB12B2F-46BF-487F-BE40-9BDABDC02405}.Debug|Any CPU.Build.0 = Debug|Any CPU
		{3EB12B2F-46BF-487F-BE40-9BDABDC02405}.Debug|ARM.ActiveCfg = Debug|Any CPU
		{3EB12B2F-46BF-487F-BE40-9BDABDC02405}.Debug|ARM.Build.0 = Debug|Any CPU
		{3EB12B2F-46BF-487F-BE40-9BDABDC02405}.Debug|ARM64.ActiveCfg = Debug|Any CPU
		{3EB12B2F-46BF-487F-BE40-9BDABDC02405}.Debug|ARM64.Build.0 = Debug|Any CPU
		{3EB12B2F-46BF-487F-BE40-9BDABDC02405}.Debug|x64.ActiveCfg = Debug|Any CPU
		{3EB12B2F-46BF-487F-BE40-9BDABDC02405}.Debug|x64.Build.0 = Debug|Any CPU
		{3EB12B2F-46BF-487F-BE40-9BDABDC02405}.Debug|x86.ActiveCfg = Debug|Any CPU
		{3EB12B2F-46BF-487F-BE40-9BDABDC02405}.Debug|x86.Build.0 = Debug|Any CPU
		{3EB12B2F-46BF-487F-BE40-9BDABDC02405}.Release|Any CPU.ActiveCfg = Release|Any CPU
		{3EB12B2F-46BF-487F-BE40-9BDABDC02405}.Release|Any CPU.Build.0 = Release|Any CPU
		{3EB12B2F-46BF-487F-BE40-9BDABDC02405}.Release|ARM.ActiveCfg = Release|Any CPU
		{3EB12B2F-46BF-487F-BE40-9BDABDC02405}.Release|ARM.Build.0 = Release|Any CPU
		{3EB12B2F-46BF-487F-BE40-9BDABDC02405}.Release|ARM64.ActiveCfg = Release|Any CPU
		{3EB12B2F-46BF-487F-BE40-9BDABDC02405}.Release|ARM64.Build.0 = Release|Any CPU
		{3EB12B2F-46BF-487F-BE40-9BDABDC02405}.Release|x64.ActiveCfg = Release|Any CPU
		{3EB12B2F-46BF-487F-BE40-9BDABDC02405}.Release|x64.Build.0 = Release|Any CPU
		{3EB12B2F-46BF-487F-BE40-9BDABDC02405}.Release|x86.ActiveCfg = Release|Any CPU
		{3EB12B2F-46BF-487F-BE40-9BDABDC02405}.Release|x86.Build.0 = Release|Any CPU
		{C7EFCAD0-20F9-4EDA-91BA-285EE9A03D45}.Debug|Any CPU.ActiveCfg = Debug|Any CPU
		{C7EFCAD0-20F9-4EDA-91BA-285EE9A03D45}.Debug|Any CPU.Build.0 = Debug|Any CPU
		{C7EFCAD0-20F9-4EDA-91BA-285EE9A03D45}.Debug|ARM.ActiveCfg = Debug|Any CPU
		{C7EFCAD0-20F9-4EDA-91BA-285EE9A03D45}.Debug|ARM.Build.0 = Debug|Any CPU
		{C7EFCAD0-20F9-4EDA-91BA-285EE9A03D45}.Debug|ARM64.ActiveCfg = Debug|Any CPU
		{C7EFCAD0-20F9-4EDA-91BA-285EE9A03D45}.Debug|ARM64.Build.0 = Debug|Any CPU
		{C7EFCAD0-20F9-4EDA-91BA-285EE9A03D45}.Debug|x64.ActiveCfg = Debug|Any CPU
		{C7EFCAD0-20F9-4EDA-91BA-285EE9A03D45}.Debug|x64.Build.0 = Debug|Any CPU
		{C7EFCAD0-20F9-4EDA-91BA-285EE9A03D45}.Debug|x86.ActiveCfg = Debug|Any CPU
		{C7EFCAD0-20F9-4EDA-91BA-285EE9A03D45}.Debug|x86.Build.0 = Debug|Any CPU
		{C7EFCAD0-20F9-4EDA-91BA-285EE9A03D45}.Release|Any CPU.ActiveCfg = Release|Any CPU
		{C7EFCAD0-20F9-4EDA-91BA-285EE9A03D45}.Release|Any CPU.Build.0 = Release|Any CPU
		{C7EFCAD0-20F9-4EDA-91BA-285EE9A03D45}.Release|ARM.ActiveCfg = Release|Any CPU
		{C7EFCAD0-20F9-4EDA-91BA-285EE9A03D45}.Release|ARM.Build.0 = Release|Any CPU
		{C7EFCAD0-20F9-4EDA-91BA-285EE9A03D45}.Release|ARM64.ActiveCfg = Release|Any CPU
		{C7EFCAD0-20F9-4EDA-91BA-285EE9A03D45}.Release|ARM64.Build.0 = Release|Any CPU
		{C7EFCAD0-20F9-4EDA-91BA-285EE9A03D45}.Release|x64.ActiveCfg = Release|Any CPU
		{C7EFCAD0-20F9-4EDA-91BA-285EE9A03D45}.Release|x64.Build.0 = Release|Any CPU
		{C7EFCAD0-20F9-4EDA-91BA-285EE9A03D45}.Release|x86.ActiveCfg = Release|Any CPU
		{C7EFCAD0-20F9-4EDA-91BA-285EE9A03D45}.Release|x86.Build.0 = Release|Any CPU
		{6E269E84-D8EC-4EF1-9208-9033F81648E9}.Debug|Any CPU.ActiveCfg = Debug|Any CPU
		{6E269E84-D8EC-4EF1-9208-9033F81648E9}.Debug|Any CPU.Build.0 = Debug|Any CPU
		{6E269E84-D8EC-4EF1-9208-9033F81648E9}.Debug|ARM.ActiveCfg = Debug|Any CPU
		{6E269E84-D8EC-4EF1-9208-9033F81648E9}.Debug|ARM.Build.0 = Debug|Any CPU
		{6E269E84-D8EC-4EF1-9208-9033F81648E9}.Debug|ARM64.ActiveCfg = Debug|Any CPU
		{6E269E84-D8EC-4EF1-9208-9033F81648E9}.Debug|ARM64.Build.0 = Debug|Any CPU
		{6E269E84-D8EC-4EF1-9208-9033F81648E9}.Debug|x64.ActiveCfg = Debug|Any CPU
		{6E269E84-D8EC-4EF1-9208-9033F81648E9}.Debug|x64.Build.0 = Debug|Any CPU
		{6E269E84-D8EC-4EF1-9208-9033F81648E9}.Debug|x86.ActiveCfg = Debug|Any CPU
		{6E269E84-D8EC-4EF1-9208-9033F81648E9}.Debug|x86.Build.0 = Debug|Any CPU
		{6E269E84-D8EC-4EF1-9208-9033F81648E9}.Release|Any CPU.ActiveCfg = Release|Any CPU
		{6E269E84-D8EC-4EF1-9208-9033F81648E9}.Release|Any CPU.Build.0 = Release|Any CPU
		{6E269E84-D8EC-4EF1-9208-9033F81648E9}.Release|ARM.ActiveCfg = Release|Any CPU
		{6E269E84-D8EC-4EF1-9208-9033F81648E9}.Release|ARM.Build.0 = Release|Any CPU
		{6E269E84-D8EC-4EF1-9208-9033F81648E9}.Release|ARM64.ActiveCfg = Release|Any CPU
		{6E269E84-D8EC-4EF1-9208-9033F81648E9}.Release|ARM64.Build.0 = Release|Any CPU
		{6E269E84-D8EC-4EF1-9208-9033F81648E9}.Release|x64.ActiveCfg = Release|Any CPU
		{6E269E84-D8EC-4EF1-9208-9033F81648E9}.Release|x64.Build.0 = Release|Any CPU
		{6E269E84-D8EC-4EF1-9208-9033F81648E9}.Release|x86.ActiveCfg = Release|Any CPU
		{6E269E84-D8EC-4EF1-9208-9033F81648E9}.Release|x86.Build.0 = Release|Any CPU
	EndGlobalSection
	GlobalSection(SolutionProperties) = preSolution
		HideSolutionNode = FALSE
	EndGlobalSection
	GlobalSection(NestedProjects) = preSolution
		{6AD79AF1-9AAA-46AB-8B2D-6AF82AC8F43D} = {19A970CC-30FC-4447-BFD1-6BAEB112B19F}
		{8BBE296F-DA5C-4B82-A9F0-10CD3DE40117} = {F082795D-1676-46C4-B406-6D7A97DFF69E}
		{33E28870-60ED-4734-BB22-641C5B9415DD} = {19A970CC-30FC-4447-BFD1-6BAEB112B19F}
		{2351E75A-1965-4468-86C1-EA5B6C4DD681} = {66AC7458-8F89-4384-BAF7-1C5B02FED6BE}
		{5570D773-BC57-464F-B8FA-35D5EE1EE6C2} = {F082795D-1676-46C4-B406-6D7A97DFF69E}
		{A2C59C7D-ACD4-4F55-8BA1-60CF39B2FF73} = {19A970CC-30FC-4447-BFD1-6BAEB112B19F}
		{5B0C0F18-23B5-4198-809E-3D5B9E0398F6} = {CE8BEAF6-7812-4F3B-A67B-4E11B47104E8}
		{52B7C856-6873-484E-964E-7683CCD9B40A} = {83C6D414-0C1A-449F-A208-743C869ABF09}
		{0D529A8F-3FE9-458F-A7B4-7CD51606B806} = {19A970CC-30FC-4447-BFD1-6BAEB112B19F}
		{28E54DD6-AECC-4646-8775-888B0D7CAF51} = {F082795D-1676-46C4-B406-6D7A97DFF69E}
		{F31985BA-ADA9-4B49-91F6-D75AC7D7D0EE} = {F082795D-1676-46C4-B406-6D7A97DFF69E}
		{ADF27844-FCBE-48F6-A4FD-FC1F9CD37834} = {83C6D414-0C1A-449F-A208-743C869ABF09}
		{3EB12B2F-46BF-487F-BE40-9BDABDC02405} = {66AC7458-8F89-4384-BAF7-1C5B02FED6BE}
		{C7EFCAD0-20F9-4EDA-91BA-285EE9A03D45} = {F082795D-1676-46C4-B406-6D7A97DFF69E}
		{6E269E84-D8EC-4EF1-9208-9033F81648E9} = {F082795D-1676-46C4-B406-6D7A97DFF69E}
	EndGlobalSection
	GlobalSection(ExtensibilityGlobals) = postSolution
		SolutionGuid = {214782FF-F894-4821-BB1F-C9BBD3A6F871}
	EndGlobalSection
EndGlobal
